{
  "name": "react-redux-webpack-meteor",
  "version": "1.0.0",
  "lockfileVersion": 1,
  "requires": true,
  "dependencies": {
    "@babel/runtime": {
      "version": "7.1.2",
      "resolved": "https://registry.npmjs.org/@babel/runtime/-/runtime-7.1.2.tgz",
      "integrity": "sha512-Y3SCjmhSupzFB6wcv1KmmFucH6gDVnI30WjOcicV10ju0cZjak3Jcs67YLIXBrmZYw1xCrVeJPbycFwrqNyxpg==",
      "requires": {
        "regenerator-runtime": "^0.12.0"
      }
    },
    "ansi-styles": {
      "version": "3.2.1",
      "resolved": "https://registry.npmjs.org/ansi-styles/-/ansi-styles-3.2.1.tgz",
      "integrity": "sha512-VT0ZI6kZRdTh8YyJw3SMbYm/u+NqfsAxEpWO0Pf9sq8/e94WxxOpPKx9FR1FlyCtOVDNOQ+8ntlqFxiRc+r5qA==",
      "requires": {
        "color-convert": "^1.9.0"
      }
    },
    "arity-n": {
      "version": "1.0.4",
      "resolved": "https://registry.npmjs.org/arity-n/-/arity-n-1.0.4.tgz",
      "integrity": "sha1-2edrEXM+CFacCEeuezmyhgswt0U="
    },
    "asteroid": {
      "version": "2.0.3",
      "resolved": "https://registry.npmjs.org/asteroid/-/asteroid-2.0.3.tgz",
      "integrity": "sha1-8HgH49U/N1nEbqSl0SVGp7G8FOM=",
      "requires": {
        "ddp.js": "^2.2.0",
        "lodash.assign": "^4.2.0",
        "wolfy87-eventemitter": "^5.1.0"
      }
    },
    "babel": {
      "version": "6.23.0",
      "resolved": "https://registry.npmjs.org/babel/-/babel-6.23.0.tgz",
      "integrity": "sha1-0NHn2APpdHZb7qMjLU4VPA77kPQ="
    },
    "builtin-modules": {
      "version": "1.1.1",
      "resolved": "https://registry.npmjs.org/builtin-modules/-/builtin-modules-1.1.1.tgz",
      "integrity": "sha1-Jw8HbFpywC9bZaR9+Uxf46J4iS8="
    },
    "chalk": {
      "version": "2.4.1",
      "resolved": "https://registry.npmjs.org/chalk/-/chalk-2.4.1.tgz",
      "integrity": "sha512-ObN6h1v2fTJSmUXoS3nMQ92LbDK9be4TV+6G+omQlGJFdcUX5heKi1LZ1YnRMIgwTLEj3E24bT6tYni50rlCfQ==",
      "requires": {
        "ansi-styles": "^3.2.1",
        "escape-string-regexp": "^1.0.5",
        "supports-color": "^5.3.0"
      },
      "dependencies": {
        "supports-color": {
          "version": "5.5.0",
          "resolved": "https://registry.npmjs.org/supports-color/-/supports-color-5.5.0.tgz",
          "integrity": "sha512-QjVjwdXIt408MIiAqCX4oUKsgU2EqAGzs2Ppkm4aQYbjm+ZEWEcW4SfFNTr4uMNZma0ey4f5lgLrkB0aX0QMow==",
          "requires": {
            "has-flag": "^3.0.0"
          }
        }
      }
    },
    "color-convert": {
      "version": "1.9.3",
      "resolved": "https://registry.npmjs.org/color-convert/-/color-convert-1.9.3.tgz",
      "integrity": "sha512-QfAUtd+vFdAtFQcC8CCyYt1fYWxSqAiK2cSD6zDB8N3cpsEBAvRxp9zOGg6G/SHHJYAT88/az/IuDGALsNVbGg==",
      "requires": {
        "color-name": "1.1.3"
      }
    },
    "color-name": {
      "version": "1.1.3",
      "resolved": "https://registry.npmjs.org/color-name/-/color-name-1.1.3.tgz",
      "integrity": "sha1-p9BVi9icQveV3UIyj3QIMcpTvCU="
    },
    "compose-function": {
      "version": "3.0.3",
      "resolved": "https://registry.npmjs.org/compose-function/-/compose-function-3.0.3.tgz",
      "integrity": "sha1-ntZ18TzFRQHTCVCkhv9qe6OrGF8=",
      "requires": {
        "arity-n": "^1.0.4"
      }
    },
    "concurrently": {
      "version": "3.6.1",
      "resolved": "https://registry.npmjs.org/concurrently/-/concurrently-3.6.1.tgz",
      "integrity": "sha512-/+ugz+gwFSEfTGUxn0KHkY+19XPRTXR8+7oUK/HxgiN1n7FjeJmkrbSiXAJfyQ0zORgJYPaenmymwon51YXH9Q==",
      "requires": {
        "chalk": "^2.4.1",
        "commander": "2.6.0",
        "date-fns": "^1.23.0",
        "lodash": "^4.5.1",
        "read-pkg": "^3.0.0",
        "rx": "2.3.24",
        "spawn-command": "^0.0.2-1",
        "supports-color": "^3.2.3",
        "tree-kill": "^1.1.0"
      },
      "dependencies": {
        "commander": {
          "version": "2.6.0",
          "resolved": "http://registry.npmjs.org/commander/-/commander-2.6.0.tgz",
          "integrity": "sha1-nfflL7Kgyw+4kFjugMMQQiXzfh0="
        }
      }
    },
    "date-fns": {
      "version": "1.29.0",
      "resolved": "https://registry.npmjs.org/date-fns/-/date-fns-1.29.0.tgz",
      "integrity": "sha512-lbTXWZ6M20cWH8N9S6afb0SBm6tMk+uUg6z3MqHPKE9atmsY3kJkTm8vKe93izJ2B2+q5MV990sM2CHgtAZaOw=="
    },
    "ddp.js": {
      "version": "2.2.1",
      "resolved": "https://registry.npmjs.org/ddp.js/-/ddp.js-2.2.1.tgz",
      "integrity": "sha512-hVcJMnYYd+V17zjxBeoHEF9BHxliY+BCTgtT8Oq0QiIfffLT1C4wtHstfWHBbWRG6uoe/eW6IdmKVJ490/pG5g==",
      "requires": {
        "wolfy87-eventemitter": "^5.2.3"
      }
    },
    "error-ex": {
      "version": "1.3.2",
      "resolved": "https://registry.npmjs.org/error-ex/-/error-ex-1.3.2.tgz",
      "integrity": "sha512-7dFHNmqeFSEt2ZBsCriorKnn3Z2pj+fd9kmI6QoWw4//DL+icEBfc0U7qJCisqrTsKTjw4fNFy2pW9OqStD84g==",
      "requires": {
        "is-arrayish": "^0.2.1"
      }
    },
    "escape-string-regexp": {
      "version": "1.0.5",
      "resolved": "https://registry.npmjs.org/escape-string-regexp/-/escape-string-regexp-1.0.5.tgz",
      "integrity": "sha1-G2HAViGQqN/2rjuyzwIAyhMLhtQ="
    },
    "graceful-fs": {
      "version": "4.1.11",
      "resolved": "https://registry.npmjs.org/graceful-fs/-/graceful-fs-4.1.11.tgz",
      "integrity": "sha1-Dovf5NHduIVNZOBOp8AOKgJuVlg="
    },
    "has-flag": {
      "version": "3.0.0",
      "resolved": "https://registry.npmjs.org/has-flag/-/has-flag-3.0.0.tgz",
      "integrity": "sha1-tdRU3CGZriJWmfNGfloH87lVuv0="
    },
    "hoist-non-react-statics": {
      "version": "3.1.0",
      "resolved": "https://registry.npmjs.org/hoist-non-react-statics/-/hoist-non-react-statics-3.1.0.tgz",
      "integrity": "sha512-MYcYuROh7SBM69xHGqXEwQqDux34s9tz+sCnxJmN18kgWh6JFdTw/5YdZtqsOdZJXddE/wUpCzfEdDrJj8p0Iw==",
      "requires": {
        "react-is": "^16.3.2"
      }
    },
    "hosted-git-info": {
      "version": "2.7.1",
      "resolved": "https://registry.npmjs.org/hosted-git-info/-/hosted-git-info-2.7.1.tgz",
      "integrity": "sha512-7T/BxH19zbcCTa8XkMlbK5lTo1WtgkFi3GvdWEyNuc4Vex7/9Dqbnpsf4JMydcfj9HCg4zUWFTL3Za6lapg5/w=="
    },
    "immutable": {
      "version": "3.8.2",
      "resolved": "https://registry.npmjs.org/immutable/-/immutable-3.8.2.tgz",
      "integrity": "sha1-wkOZUUVbs5kT2vKBN28VMOEErfM=",
      "optional": true
    },
    "invariant": {
      "version": "2.2.4",
      "resolved": "https://registry.npmjs.org/invariant/-/invariant-2.2.4.tgz",
      "integrity": "sha512-phJfQVBuaJM5raOpJjSfkiD6BpbCE4Ns//LaXl6wGYtUBY83nWS6Rf9tXm2e8VaK60JEjYldbPif/A2B1C2gNA==",
      "requires": {
        "loose-envify": "^1.0.0"
      }
    },
    "is-arrayish": {
      "version": "0.2.1",
      "resolved": "https://registry.npmjs.org/is-arrayish/-/is-arrayish-0.2.1.tgz",
      "integrity": "sha1-d8mYQFJ6qOyxqLppe4BkWnqSap0="
    },
    "is-builtin-module": {
      "version": "1.0.0",
      "resolved": "http://registry.npmjs.org/is-builtin-module/-/is-builtin-module-1.0.0.tgz",
      "integrity": "sha1-VAVy0096wxGfj3bDDLwbHgN6/74=",
      "requires": {
        "builtin-modules": "^1.0.0"
      }
    },
    "js-tokens": {
      "version": "4.0.0",
      "resolved": "https://registry.npmjs.org/js-tokens/-/js-tokens-4.0.0.tgz",
      "integrity": "sha512-RdJUflcE3cUzKiMqQgsCu06FPu9UdIJO0beYbPhHN4k6apgJtifcoCtT9bcxOpYBtpD2kCM6Sbzg4CausW/PKQ=="
    },
    "json-hash": {
      "version": "1.2.0",
      "resolved": "https://registry.npmjs.org/json-hash/-/json-hash-1.2.0.tgz",
      "integrity": "sha1-s+cXywd2Atp19IF9OjzESTl/mxA="
    },
    "json-parse-better-errors": {
      "version": "1.0.2",
      "resolved": "https://registry.npmjs.org/json-parse-better-errors/-/json-parse-better-errors-1.0.2.tgz",
      "integrity": "sha512-mrqyZKfX5EhL7hvqcV6WG1yYjnjeuYDzDhhcAAUrq8Po85NBQBJP+ZDUT75qZQ98IkUoBqdkExkukOU7Ts2wrw=="
    },
    "load-json-file": {
      "version": "4.0.0",
      "resolved": "https://registry.npmjs.org/load-json-file/-/load-json-file-4.0.0.tgz",
      "integrity": "sha1-L19Fq5HjMhYjT9U62rZo607AmTs=",
      "requires": {
        "graceful-fs": "^4.1.2",
        "parse-json": "^4.0.0",
        "pify": "^3.0.0",
        "strip-bom": "^3.0.0"
      }
    },
    "lodash": {
      "version": "4.17.11",
      "resolved": "https://registry.npmjs.org/lodash/-/lodash-4.17.11.tgz",
      "integrity": "sha512-cQKh8igo5QUhZ7lg38DYWAxMvjSAKG0A8wGSVimP07SIUEK2UO+arSRKbRZWtelMtN5V0Hkwh5ryOto/SshYIg=="
    },
    "lodash.assign": {
      "version": "4.2.0",
      "resolved": "https://registry.npmjs.org/lodash.assign/-/lodash.assign-4.2.0.tgz",
      "integrity": "sha1-DZnzzNem0mHRm9rrkkUAXShYCOc="
    },
    "lodash.pick": {
      "version": "4.4.0",
      "resolved": "https://registry.npmjs.org/lodash.pick/-/lodash.pick-4.4.0.tgz",
      "integrity": "sha1-UvBWEP/53tQiYRRB7R/BI6AwAbM="
    },
    "loose-envify": {
      "version": "1.4.0",
      "resolved": "https://registry.npmjs.org/loose-envify/-/loose-envify-1.4.0.tgz",
      "integrity": "sha512-lyuxPGr/Wfhrlem2CL/UcnUc1zcqKAImBDzukY7Y5F/yQiNdko6+fRLevlw1HgMySw7f611UIY408EtxRSoK3Q==",
      "requires": {
        "js-tokens": "^3.0.0 || ^4.0.0"
      }
    },
    "material-colors": {
      "version": "1.2.6",
      "resolved": "https://registry.npmjs.org/material-colors/-/material-colors-1.2.6.tgz",
      "integrity": "sha512-6qE4B9deFBIa9YSpOc9O0Sgc43zTeVYbgDT5veRKSlB2+ZuHNoVVxA1L/ckMUayV9Ay9y7Z/SZCLcGteW9i7bg=="
    },
    "mousetrap": {
      "version": "1.6.2",
      "resolved": "https://registry.npmjs.org/mousetrap/-/mousetrap-1.6.2.tgz",
      "integrity": "sha512-jDjhi7wlHwdO6q6DS7YRmSHcuI+RVxadBkLt3KHrhd3C2b+w5pKefg3oj5beTcHZyVFA9Aksf+yEE1y5jxUjVA=="
    },
    "normalize-package-data": {
      "version": "2.4.0",
      "resolved": "https://registry.npmjs.org/normalize-package-data/-/normalize-package-data-2.4.0.tgz",
      "integrity": "sha512-9jjUFbTPfEy3R/ad/2oNbKtW9Hgovl5O1FvFWKkKblNXoN/Oou6+9+KKohPK13Yc3/TyunyWhJp6gvRNR/PPAw==",
      "requires": {
        "hosted-git-info": "^2.1.4",
        "is-builtin-module": "^1.0.0",
        "semver": "2 || 3 || 4 || 5",
        "validate-npm-package-license": "^3.0.1"
      }
    },
    "object-assign": {
      "version": "4.1.1",
      "resolved": "https://registry.npmjs.org/object-assign/-/object-assign-4.1.1.tgz",
      "integrity": "sha1-IQmtx5ZYh8/AXLvUQsrIv7s2CGM="
    },
    "parse-json": {
      "version": "4.0.0",
      "resolved": "https://registry.npmjs.org/parse-json/-/parse-json-4.0.0.tgz",
      "integrity": "sha1-vjX1Qlvh9/bHRxhPmKeIy5lHfuA=",
      "requires": {
        "error-ex": "^1.3.1",
        "json-parse-better-errors": "^1.0.1"
      }
    },
    "path-type": {
      "version": "3.0.0",
      "resolved": "https://registry.npmjs.org/path-type/-/path-type-3.0.0.tgz",
      "integrity": "sha512-T2ZUsdZFHgA3u4e5PfPbjd7HDDpxPnQb5jN0SrDsjNSuVXHJqtwTnWqG0B1jZrgmJ/7lj1EmVIByWt1gxGkWvg==",
      "requires": {
        "pify": "^3.0.0"
      }
    },
    "pify": {
      "version": "3.0.0",
      "resolved": "https://registry.npmjs.org/pify/-/pify-3.0.0.tgz",
      "integrity": "sha1-5aSs0sEB/fPZpNB/DbxNtJ3SgXY="
    },
    "prop-types": {
      "version": "15.6.2",
      "resolved": "https://registry.npmjs.org/prop-types/-/prop-types-15.6.2.tgz",
      "integrity": "sha512-3pboPvLiWD7dkI3qf3KbUe6hKFKa52w+AE0VCqECtf+QHAKgOL37tTaNCnuX1nAAQ4ZhyP+kYVKf8rLmJ/feDQ==",
      "requires": {
        "loose-envify": "^1.3.1",
        "object-assign": "^4.1.1"
      }
    },
    "react": {
      "version": "16.6.1",
      "resolved": "https://registry.npmjs.org/react/-/react-16.6.1.tgz",
      "integrity": "sha512-OtawJThYlvRgm9BXK+xTL7BIlDx8vv21j+fbQDjRRUyok6y7NyjlweGorielTahLZHYIdKUoK2Dp9ByVWuMqxw==",
      "requires": {
        "loose-envify": "1.4.0",
        "object-assign": "4.1.1",
        "prop-types": "15.6.2",
        "scheduler": "0.11.0"
      }
    },
    "react-color": {
      "version": "2.14.1",
      "resolved": "https://registry.npmjs.org/react-color/-/react-color-2.14.1.tgz",
      "integrity": "sha512-ssv2ArSZdhTbIs29hyfw8JW+s3G4BCx/ILkwCajWZzrcx/2ZQfRpsaLVt38LAPbxe50LLszlmGtRerA14JzzRw==",
      "requires": {
        "lodash": "4.17.11",
        "material-colors": "1.2.6",
        "prop-types": "15.6.2",
        "reactcss": "1.2.3",
        "tinycolor2": "1.4.1"
      }
    },
    "react-dom": {
      "version": "16.6.1",
      "resolved": "https://registry.npmjs.org/react-dom/-/react-dom-16.6.1.tgz",
      "integrity": "sha512-zm+wBuEMGm009Wt1uE4Zw5KcXOW7qC4E/xW/fpJsCsbOco4U/R84u+DzzO/S4SYSdNBcqcaulcp4w3FXl8pImw==",
      "requires": {
        "loose-envify": "1.4.0",
        "object-assign": "4.1.1",
        "prop-types": "15.6.2",
        "scheduler": "0.11.0"
      }
    },
    "react-is": {
      "version": "16.6.0",
      "resolved": "https://registry.npmjs.org/react-is/-/react-is-16.6.0.tgz",
      "integrity": "sha512-q8U7k0Fi7oxF1HvQgyBjPwDXeMplEsArnKt2iYhuIF86+GBbgLHdAmokL3XUFjTd7Q363OSNG55FOGUdONVn1g=="
    },
    "react-lifecycles-compat": {
      "version": "3.0.4",
      "resolved": "https://registry.npmjs.org/react-lifecycles-compat/-/react-lifecycles-compat-3.0.4.tgz",
      "integrity": "sha512-fBASbA6LnOU9dOU2eW7aQ8xmYBSXUIWr+UmF9b1efZBazGNO+rcXT/icdKnYm2pTwcRylVUYwW7H1PHfLekVzA=="
    },
    "react-redux": {
      "version": "5.1.0",
      "resolved": "https://registry.npmjs.org/react-redux/-/react-redux-5.1.0.tgz",
      "integrity": "sha512-CRMpEx8+ccpoVxQrQDkG1obExNYpj6dZ1Ni7lUNFB9wcxOhy02tIqpFo4IUXc0kYvCGMu6ABj9A4imEX2VGZJQ==",
      "requires": {
        "@babel/runtime": "^7.1.2",
        "hoist-non-react-statics": "^3.0.0",
        "invariant": "^2.2.4",
        "loose-envify": "^1.1.0",
        "prop-types": "^15.6.1",
        "react-is": "^16.6.0",
        "react-lifecycles-compat": "^3.0.0"
      }
    },
    "react-redux-sweetalert": {
      "version": "1.0.2",
      "resolved": "https://registry.npmjs.org/react-redux-sweetalert/-/react-redux-sweetalert-1.0.2.tgz",
      "integrity": "sha1-o+z3HXlWC6QOnh1jiE1LXE2zln4=",
      "requires": {
        "compose-function": "^3.0.3",
        "immutable": "^3.8.1",
        "prop-types": "^15.5.10",
        "react-redux": "^5.0.2",
        "sweetalert-react": "^0.4.7",
        "warning": "^3.0.0"
      }
    },
    "react-sidebar": {
      "version": "3.0.2",
      "resolved": "https://registry.npmjs.org/react-sidebar/-/react-sidebar-3.0.2.tgz",
      "integrity": "sha512-LG/JO1cJvdRqSmUT+DOhJrml/b45/UqM9nm8emcgbJb5EKNegKCObZcrRqyzVix42VfFf0odytviAAFEYYTu1Q==",
      "requires": {
        "@babel/runtime": ">=7.0.0-beta.56",
        "prop-types": "^15.6.2"
      }
    },
    "reactcss": {
      "version": "1.2.3",
      "resolved": "https://registry.npmjs.org/reactcss/-/reactcss-1.2.3.tgz",
      "integrity": "sha512-KiwVUcFu1RErkI97ywr8nvx8dNOpT03rbnma0SSalTYjkrPYaEajR4a/MRt6DZ46K6arDRbWMNHF+xH7G7n/8A==",
      "requires": {
        "lodash": "^4.0.1"
      }
    },
    "reactcss": {
      "version": "1.2.3",
      "resolved": "https://registry.npmjs.org/reactcss/-/reactcss-1.2.3.tgz",
      "integrity": "sha512-KiwVUcFu1RErkI97ywr8nvx8dNOpT03rbnma0SSalTYjkrPYaEajR4a/MRt6DZ46K6arDRbWMNHF+xH7G7n/8A==",
      "requires": {
        "lodash": "4.17.11"
      }
    },
    "read-pkg": {
      "version": "3.0.0",
      "resolved": "https://registry.npmjs.org/read-pkg/-/read-pkg-3.0.0.tgz",
      "integrity": "sha1-nLxoaXj+5l0WwA4rGcI3/Pbjg4k=",
      "requires": {
        "load-json-file": "^4.0.0",
        "normalize-package-data": "^2.3.2",
        "path-type": "^3.0.0"
      }
    },
    "regenerator-runtime": {
      "version": "0.12.1",
      "resolved": "https://registry.npmjs.org/regenerator-runtime/-/regenerator-runtime-0.12.1.tgz",
      "integrity": "sha512-odxIc1/vDlo4iZcfXqRYFj0vpXFNoGdKMAUieAlFYO6m/nl5e9KR/beGf41z4a1FI+aQgtjhuaSlDxQ0hmkrHg=="
    },
    "rus-diff": {
      "version": "1.1.0",
      "resolved": "https://registry.npmjs.org/rus-diff/-/rus-diff-1.1.0.tgz",
      "integrity": "sha1-A9iQXPY84Hwq1yvTV8n/Qiugcn0=",
      "requires": {
        "json-hash": "^1.1.0"
      }
    },
    "rx": {
      "version": "2.3.24",
      "resolved": "https://registry.npmjs.org/rx/-/rx-2.3.24.tgz",
      "integrity": "sha1-FPlQpCF9fjXapxu8vljv9o6ksrc="
    },
    "scheduler": {
      "version": "0.11.0",
      "resolved": "https://registry.npmjs.org/scheduler/-/scheduler-0.11.0.tgz",
      "integrity": "sha512-MAYbBfmiEHxF0W+c4CxMpEqMYK+rYF584VP/qMKSiHM6lTkBKKYOJaDiSILpJHla6hBOsVd6GucPL46o2Uq3sg==",
      "requires": {
        "loose-envify": "^1.1.0",
        "object-assign": "^4.1.1"
      }
    },
    "semver": {
      "version": "5.6.0",
      "resolved": "https://registry.npmjs.org/semver/-/semver-5.6.0.tgz",
      "integrity": "sha512-RS9R6R35NYgQn++fkDWaOmqGoj4Ek9gGs+DPxNUZKuwE183xjJroKvyo1IzVFeXvUrvmALy6FWD5xrdJT25gMg=="
    },
    "spawn-command": {
      "version": "0.0.2-1",
      "resolved": "https://registry.npmjs.org/spawn-command/-/spawn-command-0.0.2-1.tgz",
      "integrity": "sha1-YvXpRmmBwbeW3Fkpk34RycaSG9A="
    },
    "spdx-correct": {
      "version": "3.0.2",
      "resolved": "https://registry.npmjs.org/spdx-correct/-/spdx-correct-3.0.2.tgz",
      "integrity": "sha512-q9hedtzyXHr5S0A1vEPoK/7l8NpfkFYTq6iCY+Pno2ZbdZR6WexZFtqeVGkGxW3TEJMN914Z55EnAGMmenlIQQ==",
      "requires": {
        "spdx-expression-parse": "^3.0.0",
        "spdx-license-ids": "^3.0.0"
      }
    },
    "spdx-exceptions": {
      "version": "2.2.0",
      "resolved": "https://registry.npmjs.org/spdx-exceptions/-/spdx-exceptions-2.2.0.tgz",
      "integrity": "sha512-2XQACfElKi9SlVb1CYadKDXvoajPgBVPn/gOQLrTvHdElaVhr7ZEbqJaRnJLVNeaI4cMEAgVCeBMKF6MWRDCRA=="
    },
    "spdx-expression-parse": {
      "version": "3.0.0",
      "resolved": "https://registry.npmjs.org/spdx-expression-parse/-/spdx-expression-parse-3.0.0.tgz",
      "integrity": "sha512-Yg6D3XpRD4kkOmTpdgbUiEJFKghJH03fiC1OPll5h/0sO6neh2jqRDVHOQ4o/LMea0tgCkbMgea5ip/e+MkWyg==",
      "requires": {
        "spdx-exceptions": "^2.1.0",
        "spdx-license-ids": "^3.0.0"
      }
    },
    "spdx-license-ids": {
      "version": "3.0.2",
      "resolved": "https://registry.npmjs.org/spdx-license-ids/-/spdx-license-ids-3.0.2.tgz",
      "integrity": "sha512-qky9CVt0lVIECkEsYbNILVnPvycuEBkXoMFLRWsREkomQLevYhtRKC+R91a5TOAQ3bCMjikRwhyaRqj1VYatYg=="
    },
    "strip-bom": {
      "version": "3.0.0",
      "resolved": "https://registry.npmjs.org/strip-bom/-/strip-bom-3.0.0.tgz",
      "integrity": "sha1-IzTBjpx1n3vdVv3vfprj1YjmjtM="
    },
    "supports-color": {
      "version": "3.2.3",
      "resolved": "https://registry.npmjs.org/supports-color/-/supports-color-3.2.3.tgz",
      "integrity": "sha1-ZawFBLOVQXHYpklGsq48u4pfVPY=",
      "requires": {
        "has-flag": "^1.0.0"
      },
      "dependencies": {
        "has-flag": {
          "version": "1.0.0",
          "resolved": "https://registry.npmjs.org/has-flag/-/has-flag-1.0.0.tgz",
          "integrity": "sha1-nZ55MWXOAXoA8AQYxD+UKnsdEfo="
        }
      }
    },
    "sweetalert": {
      "version": "1.1.3",
      "resolved": "http://registry.npmjs.org/sweetalert/-/sweetalert-1.1.3.tgz",
      "integrity": "sha1-0sMepJKyK2qNiHrqFZiaI4/AhK4="
    },
    "sweetalert-react": {
      "version": "0.4.11",
      "resolved": "https://registry.npmjs.org/sweetalert-react/-/sweetalert-react-0.4.11.tgz",
      "integrity": "sha512-1HgZ/qI0ku/tWyoxVCzNE2vn5H6qu+1cteN+w6sHxo+pIUPefNanhc9G0F4m1MqmJZQmKWyF6LMdLbHSdLhLCA==",
      "requires": {
        "lodash.pick": "^4.4.0",
        "mousetrap": "^1.6.0",
        "prop-types": "^15.0.0",
        "sweetalert": "^1.1.3",
        "warning": "^3.0.0"
      }
    },
    "tinycolor2": {
      "version": "1.4.1",
      "resolved": "https://registry.npmjs.org/tinycolor2/-/tinycolor2-1.4.1.tgz",
      "integrity": "sha1-9PrTM0R7wLB9TcjpIJ2POaisd+g="
    },
    "tree-kill": {
      "version": "1.2.0",
      "resolved": "https://registry.npmjs.org/tree-kill/-/tree-kill-1.2.0.tgz",
      "integrity": "sha512-DlX6dR0lOIRDFxI0mjL9IYg6OTncLm/Zt+JiBhE5OlFcAR8yc9S7FFXU9so0oda47frdM/JFsk7UjNt9vscKcg=="
    },
    "validate-npm-package-license": {
      "version": "3.0.4",
      "resolved": "https://registry.npmjs.org/validate-npm-package-license/-/validate-npm-package-license-3.0.4.tgz",
      "integrity": "sha512-DpKm2Ui/xN7/HQKCtpZxoRWBhZ9Z0kqtygG8XCgNQ8ZlDnxuQmWhj566j8fN4Cu3/JmbhsDo7fcAJq4s9h27Ew==",
      "requires": {
        "spdx-correct": "^3.0.0",
        "spdx-expression-parse": "^3.0.0"
      }
    },
    "warning": {
      "version": "3.0.0",
      "resolved": "https://registry.npmjs.org/warning/-/warning-3.0.0.tgz",
      "integrity": "sha1-MuU3fLVy3kqwR1O9+IIcAe1gW3w=",
      "requires": {
        "loose-envify": "^1.0.0"
      }
    },
    "wolfy87-eventemitter": {
      "version": "5.2.5",
      "resolved": "https://registry.npmjs.org/wolfy87-eventemitter/-/wolfy87-eventemitter-5.2.5.tgz",
      "integrity": "sha512-1Og5JkuMNZfZcDn76HM1ktUqG8MOMWKpaGdExM1pcTloUNSBkx4Mti3/jRKSTt1vI3P7S8BTkFogqMbc7m3A7Q=="
    }
  }
}
